# THIS IS AN AUTOGENERATED FILE. DO NOT EDIT THIS FILE DIRECTLY.
# yarn lockfile v1


sha-1@0.1.1:
  version "0.1.1"
  resolved "https://registry.yarnpkg.com/sha-1/-/sha-1-0.1.1.tgz#2a39304bf41bbab11dd9efb7474ec25b1a92c257"

uuidv4@^0.5.0:
  version "0.5.0"
  resolved "https://registry.yarnpkg.com/uuidv4/-/uuidv4-0.5.0.tgz#a537b6ea7f0556c36ad35988095c7d5da6ab53ba"
  dependencies:
    sha-1 "0.1.1"
